// !$*UTF8*$!
{
	archiveVersion = 1;
	classes = {
	};
	objectVersion = 55;
	objects = {

/* Begin PBXBuildFile section */
		F849ACDE2858EF4D00961633 /* AppDelegate.swift in Sources */ = {isa = PBXBuildFile; fileRef = F849ACDD2858EF4D00961633 /* AppDelegate.swift */; };
		F849ACE22858EF4D00961633 /* MoviesListViewController.swift in Sources */ = {isa = PBXBuildFile; fileRef = F849ACE12858EF4D00961633 /* MoviesListViewController.swift */; };
		F849ACE72858EF4D00961633 /* Assets.xcassets in Resources */ = {isa = PBXBuildFile; fileRef = F849ACE62858EF4D00961633 /* Assets.xcassets */; };
		F849ACEA2858EF4D00961633 /* LaunchScreen.storyboard in Resources */ = {isa = PBXBuildFile; fileRef = F849ACE82858EF4D00961633 /* LaunchScreen.storyboard */; };
		F849ACF32858FC4100961633 /* RequestHandling.swift in Sources */ = {isa = PBXBuildFile; fileRef = F849ACF22858FC4100961633 /* RequestHandling.swift */; };
		F849ACF52858FC6800961633 /* APIRoute.swift in Sources */ = {isa = PBXBuildFile; fileRef = F849ACF42858FC6800961633 /* APIRoute.swift */; };
		F849ACF72859001A00961633 /* RequestHandler.swift in Sources */ = {isa = PBXBuildFile; fileRef = F849ACF62859001A00961633 /* RequestHandler.swift */; };
		F849ACFF2859014200961633 /* TrendingMoviesTests.swift in Sources */ = {isa = PBXBuildFile; fileRef = F849ACFE2859014200961633 /* TrendingMoviesTests.swift */; };
		F849AD0828590F4700961633 /* MoviesList.swift in Sources */ = {isa = PBXBuildFile; fileRef = F849AD0728590F4700961633 /* MoviesList.swift */; };
		F849AD0A2859111200961633 /* MovieDetails.swift in Sources */ = {isa = PBXBuildFile; fileRef = F849AD092859111200961633 /* MovieDetails.swift */; };
		F859CBD2285E594A00F8DEBC /* BaseViewController.swift in Sources */ = {isa = PBXBuildFile; fileRef = F859CBD1285E594A00F8DEBC /* BaseViewController.swift */; };
		F859CBDA285E6B6300F8DEBC /* GeneralConstants.swift in Sources */ = {isa = PBXBuildFile; fileRef = F859CBD9285E6B6300F8DEBC /* GeneralConstants.swift */; };
		F859CBDC285E6B7B00F8DEBC /* NavigationBarConstants.swift in Sources */ = {isa = PBXBuildFile; fileRef = F859CBDB285E6B7B00F8DEBC /* NavigationBarConstants.swift */; };
		F859CBDE285E6CBB00F8DEBC /* English.strings in Resources */ = {isa = PBXBuildFile; fileRef = F859CBDD285E6CBB00F8DEBC /* English.strings */; };
/* End PBXBuildFile section */

/* Begin PBXContainerItemProxy section */
		F849AD002859014200961633 /* PBXContainerItemProxy */ = {
			isa = PBXContainerItemProxy;
			containerPortal = F849ACD22858EF4D00961633 /* Project object */;
			proxyType = 1;
			remoteGlobalIDString = F849ACD92858EF4D00961633;
			remoteInfo = TrendingMovies;
		};
/* End PBXContainerItemProxy section */

/* Begin PBXFileReference section */
		F849ACDA2858EF4D00961633 /* TrendingMovies.app */ = {isa = PBXFileReference; explicitFileType = wrapper.application; includeInIndex = 0; path = TrendingMovies.app; sourceTree = BUILT_PRODUCTS_DIR; };
		F849ACDD2858EF4D00961633 /* AppDelegate.swift */ = {isa = PBXFileReference; lastKnownFileType = sourcecode.swift; path = AppDelegate.swift; sourceTree = "<group>"; };
		F849ACE12858EF4D00961633 /* MoviesListViewController.swift */ = {isa = PBXFileReference; lastKnownFileType = sourcecode.swift; path = MoviesListViewController.swift; sourceTree = "<group>"; };
		F849ACE62858EF4D00961633 /* Assets.xcassets */ = {isa = PBXFileReference; lastKnownFileType = folder.assetcatalog; path = Assets.xcassets; sourceTree = "<group>"; };
		F849ACE92858EF4D00961633 /* Base */ = {isa = PBXFileReference; lastKnownFileType = file.storyboard; name = Base; path = Base.lproj/LaunchScreen.storyboard; sourceTree = "<group>"; };
		F849ACEB2858EF4D00961633 /* Info.plist */ = {isa = PBXFileReference; lastKnownFileType = text.plist.xml; path = Info.plist; sourceTree = "<group>"; };
		F849ACF22858FC4100961633 /* RequestHandling.swift */ = {isa = PBXFileReference; lastKnownFileType = sourcecode.swift; path = RequestHandling.swift; sourceTree = "<group>"; };
		F849ACF42858FC6800961633 /* APIRoute.swift */ = {isa = PBXFileReference; lastKnownFileType = sourcecode.swift; path = APIRoute.swift; sourceTree = "<group>"; };
		F849ACF62859001A00961633 /* RequestHandler.swift */ = {isa = PBXFileReference; lastKnownFileType = sourcecode.swift; path = RequestHandler.swift; sourceTree = "<group>"; };
		F849ACFC2859014200961633 /* TrendingMoviesTests.xctest */ = {isa = PBXFileReference; explicitFileType = wrapper.cfbundle; includeInIndex = 0; path = TrendingMoviesTests.xctest; sourceTree = BUILT_PRODUCTS_DIR; };
		F849ACFE2859014200961633 /* TrendingMoviesTests.swift */ = {isa = PBXFileReference; lastKnownFileType = sourcecode.swift; path = TrendingMoviesTests.swift; sourceTree = "<group>"; };
		F849AD0728590F4700961633 /* MoviesList.swift */ = {isa = PBXFileReference; lastKnownFileType = sourcecode.swift; path = MoviesList.swift; sourceTree = "<group>"; };
		F849AD092859111200961633 /* MovieDetails.swift */ = {isa = PBXFileReference; lastKnownFileType = sourcecode.swift; path = MovieDetails.swift; sourceTree = "<group>"; };
		F859CBD1285E594A00F8DEBC /* BaseViewController.swift */ = {isa = PBXFileReference; lastKnownFileType = sourcecode.swift; path = BaseViewController.swift; sourceTree = "<group>"; };
		F859CBD9285E6B6300F8DEBC /* GeneralConstants.swift */ = {isa = PBXFileReference; lastKnownFileType = sourcecode.swift; path = GeneralConstants.swift; sourceTree = "<group>"; };
		F859CBDB285E6B7B00F8DEBC /* NavigationBarConstants.swift */ = {isa = PBXFileReference; lastKnownFileType = sourcecode.swift; path = NavigationBarConstants.swift; sourceTree = "<group>"; };
		F859CBDD285E6CBB00F8DEBC /* English.strings */ = {isa = PBXFileReference; lastKnownFileType = text.plist.strings; path = English.strings; sourceTree = "<group>"; };
/* End PBXFileReference section */

/* Begin PBXFrameworksBuildPhase section */
		F849ACD72858EF4D00961633 /* Frameworks */ = {
			isa = PBXFrameworksBuildPhase;
			buildActionMask = 2147483647;
			files = (
			);
			runOnlyForDeploymentPostprocessing = 0;
		};
		F849ACF92859014200961633 /* Frameworks */ = {
			isa = PBXFrameworksBuildPhase;
			buildActionMask = 2147483647;
			files = (
			);
			runOnlyForDeploymentPostprocessing = 0;
		};
/* End PBXFrameworksBuildPhase section */

/* Begin PBXGroup section */
		F849ACD12858EF4D00961633 = {
			isa = PBXGroup;
			children = (
				F849ACDC2858EF4D00961633 /* TrendingMovies */,
				F849ACFD2859014200961633 /* TrendingMoviesTests */,
				F849ACDB2858EF4D00961633 /* Products */,
			);
			sourceTree = "<group>";
		};
		F849ACDB2858EF4D00961633 /* Products */ = {
			isa = PBXGroup;
			children = (
				F849ACDA2858EF4D00961633 /* TrendingMovies.app */,
				F849ACFC2859014200961633 /* TrendingMoviesTests.xctest */,
			);
			name = Products;
			sourceTree = "<group>";
		};
		F849ACDC2858EF4D00961633 /* TrendingMovies */ = {
			isa = PBXGroup;
			children = (
				F859CBD6285E69A100F8DEBC /* AppDelegate */,
				F859CBD3285E697C00F8DEBC /* Modules */,
				F859CBDF285E6CC500F8DEBC /* Localization */,
				F849AD0628590F0A00961633 /* Data Models */,
				F849ACF12858FC2C00961633 /* Network */,
				F859CBD8285E6B4100F8DEBC /* Constants */,
				F859CBD7285E69AF00F8DEBC /* Common */,
				F849ACE62858EF4D00961633 /* Assets.xcassets */,
				F849ACE82858EF4D00961633 /* LaunchScreen.storyboard */,
				F849ACEB2858EF4D00961633 /* Info.plist */,
			);
			path = TrendingMovies;
			sourceTree = "<group>";
		};
		F849ACF12858FC2C00961633 /* Network */ = {
			isa = PBXGroup;
			children = (
				F849ACF62859001A00961633 /* RequestHandler.swift */,
				F849ACF22858FC4100961633 /* RequestHandling.swift */,
				F849ACF42858FC6800961633 /* APIRoute.swift */,
			);
			path = Network;
			sourceTree = "<group>";
		};
		F849ACFD2859014200961633 /* TrendingMoviesTests */ = {
			isa = PBXGroup;
			children = (
				F849ACFE2859014200961633 /* TrendingMoviesTests.swift */,
			);
			path = TrendingMoviesTests;
			sourceTree = "<group>";
		};
		F849AD0628590F0A00961633 /* Data Models */ = {
			isa = PBXGroup;
			children = (
				F849AD0728590F4700961633 /* MoviesList.swift */,
				F849AD092859111200961633 /* MovieDetails.swift */,
			);
			path = "Data Models";
			sourceTree = "<group>";
		};
		F859CBD3285E697C00F8DEBC /* Modules */ = {
			isa = PBXGroup;
			children = (
				F859CBD5285E698A00F8DEBC /* Details */,
				F859CBD4285E698300F8DEBC /* List */,
			);
			path = Modules;
			sourceTree = "<group>";
		};
		F859CBD4285E698300F8DEBC /* List */ = {
			isa = PBXGroup;
			children = (
				F849ACE12858EF4D00961633 /* MoviesListViewController.swift */,
			);
			path = List;
			sourceTree = "<group>";
		};
		F859CBD5285E698A00F8DEBC /* Details */ = {
			isa = PBXGroup;
			children = (
			);
			path = Details;
			sourceTree = "<group>";
		};
		F859CBD6285E69A100F8DEBC /* AppDelegate */ = {
			isa = PBXGroup;
			children = (
				F849ACDD2858EF4D00961633 /* AppDelegate.swift */,
			);
			path = AppDelegate;
			sourceTree = "<group>";
		};
		F859CBD7285E69AF00F8DEBC /* Common */ = {
			isa = PBXGroup;
			children = (
				F859CBD1285E594A00F8DEBC /* BaseViewController.swift */,
			);
			path = Common;
			sourceTree = "<group>";
		};
		F859CBD8285E6B4100F8DEBC /* Constants */ = {
			isa = PBXGroup;
			children = (
				F859CBD9285E6B6300F8DEBC /* GeneralConstants.swift */,
				F859CBDB285E6B7B00F8DEBC /* NavigationBarConstants.swift */,
			);
			path = Constants;
			sourceTree = "<group>";
		};
		F859CBDF285E6CC500F8DEBC /* Localization */ = {
			isa = PBXGroup;
			children = (
				F859CBDD285E6CBB00F8DEBC /* English.strings */,
			);
			path = Localization;
			sourceTree = "<group>";
		};
/* End PBXGroup section */

/* Begin PBXNativeTarget section */
		F849ACD92858EF4D00961633 /* TrendingMovies */ = {
			isa = PBXNativeTarget;
			buildConfigurationList = F849ACEE2858EF4D00961633 /* Build configuration list for PBXNativeTarget "TrendingMovies" */;
			buildPhases = (
				F849AD052859089C00961633 /* SwiftLint */,
				F849ACD62858EF4D00961633 /* Sources */,
				F849ACD72858EF4D00961633 /* Frameworks */,
				F849ACD82858EF4D00961633 /* Resources */,
			);
			buildRules = (
			);
			dependencies = (
			);
			name = TrendingMovies;
			productName = TrendingMovies;
			productReference = F849ACDA2858EF4D00961633 /* TrendingMovies.app */;
			productType = "com.apple.product-type.application";
		};
		F849ACFB2859014200961633 /* TrendingMoviesTests */ = {
			isa = PBXNativeTarget;
			buildConfigurationList = F849AD022859014200961633 /* Build configuration list for PBXNativeTarget "TrendingMoviesTests" */;
			buildPhases = (
				F849ACF82859014200961633 /* Sources */,
				F849ACF92859014200961633 /* Frameworks */,
				F849ACFA2859014200961633 /* Resources */,
			);
			buildRules = (
			);
			dependencies = (
				F849AD012859014200961633 /* PBXTargetDependency */,
			);
			name = TrendingMoviesTests;
			productName = TrendingMoviesTests;
			productReference = F849ACFC2859014200961633 /* TrendingMoviesTests.xctest */;
			productType = "com.apple.product-type.bundle.unit-test";
		};
/* End PBXNativeTarget section */

/* Begin PBXProject section */
		F849ACD22858EF4D00961633 /* Project object */ = {
			isa = PBXProject;
			attributes = {
				BuildIndependentTargetsInParallel = 1;
				LastSwiftUpdateCheck = 1330;
				LastUpgradeCheck = 1330;
				TargetAttributes = {
					F849ACD92858EF4D00961633 = {
						CreatedOnToolsVersion = 13.3.1;
					};
					F849ACFB2859014200961633 = {
						CreatedOnToolsVersion = 13.3.1;
						TestTargetID = F849ACD92858EF4D00961633;
					};
				};
			};
			buildConfigurationList = F849ACD52858EF4D00961633 /* Build configuration list for PBXProject "TrendingMovies" */;
			compatibilityVersion = "Xcode 13.0";
			developmentRegion = en;
			hasScannedForEncodings = 0;
			knownRegions = (
				en,
				Base,
			);
			mainGroup = F849ACD12858EF4D00961633;
			productRefGroup = F849ACDB2858EF4D00961633 /* Products */;
			projectDirPath = "";
			projectRoot = "";
			targets = (
				F849ACD92858EF4D00961633 /* TrendingMovies */,
				F849ACFB2859014200961633 /* TrendingMoviesTests */,
			);
		};
/* End PBXProject section */

/* Begin PBXResourcesBuildPhase section */
		F849ACD82858EF4D00961633 /* Resources */ = {
			isa = PBXResourcesBuildPhase;
			buildActionMask = 2147483647;
			files = (
				F849ACEA2858EF4D00961633 /* LaunchScreen.storyboard in Resources */,
				F849ACE72858EF4D00961633 /* Assets.xcassets in Resources */,
				F859CBDE285E6CBB00F8DEBC /* English.strings in Resources */,
			);
			runOnlyForDeploymentPostprocessing = 0;
		};
		F849ACFA2859014200961633 /* Resources */ = {
			isa = PBXResourcesBuildPhase;
			buildActionMask = 2147483647;
			files = (
			);
			runOnlyForDeploymentPostprocessing = 0;
		};
/* End PBXResourcesBuildPhase section */

/* Begin PBXShellScriptBuildPhase section */
		F849AD052859089C00961633 /* SwiftLint */ = {
			isa = PBXShellScriptBuildPhase;
			buildActionMask = 2147483647;
			files = (
			);
			inputFileListPaths = (
			);
			inputPaths = (
			);
			name = SwiftLint;
			outputFileListPaths = (
			);
			outputPaths = (
			);
			runOnlyForDeploymentPostprocessing = 0;
			shellPath = /bin/sh;
			shellScript = "# Type a script or drag a script file from your workspace to insert its path.\nexport PATH=\"$PATH:/opt/homebrew/bin\"\nif which swiftlint > /dev/null; then\n  swiftlint\nelse\n  echo \"warning: SwiftLint not installed, download from https://github.com/realm/SwiftLint\"\nfi\n";
		};
/* End PBXShellScriptBuildPhase section */

/* Begin PBXSourcesBuildPhase section */
		F849ACD62858EF4D00961633 /* Sources */ = {
			isa = PBXSourcesBuildPhase;
			buildActionMask = 2147483647;
			files = (
				F849AD0828590F4700961633 /* MoviesList.swift in Sources */,
				F859CBDA285E6B6300F8DEBC /* GeneralConstants.swift in Sources */,
				F849ACE22858EF4D00961633 /* MoviesListViewController.swift in Sources */,
				F859CBDC285E6B7B00F8DEBC /* NavigationBarConstants.swift in Sources */,
				F849ACDE2858EF4D00961633 /* AppDelegate.swift in Sources */,
				F849AD0A2859111200961633 /* MovieDetails.swift in Sources */,
				F849ACF72859001A00961633 /* RequestHandler.swift in Sources */,
				F859CBD2285E594A00F8DEBC /* BaseViewController.swift in Sources */,
				F849ACF32858FC4100961633 /* RequestHandling.swift in Sources */,
				F849ACF52858FC6800961633 /* APIRoute.swift in Sources */,
			);
			runOnlyForDeploymentPostprocessing = 0;
		};
		F849ACF82859014200961633 /* Sources */ = {
			isa = PBXSourcesBuildPhase;
			buildActionMask = 2147483647;
			files = (
				F849ACFF2859014200961633 /* TrendingMoviesTests.swift in Sources */,
			);
			runOnlyForDeploymentPostprocessing = 0;
		};
/* End PBXSourcesBuildPhase section */

/* Begin PBXTargetDependency section */
		F849AD012859014200961633 /* PBXTargetDependency */ = {
			isa = PBXTargetDependency;
			target = F849ACD92858EF4D00961633 /* TrendingMovies */;
			targetProxy = F849AD002859014200961633 /* PBXContainerItemProxy */;
		};
/* End PBXTargetDependency section */

/* Begin PBXVariantGroup section */
		F849ACE82858EF4D00961633 /* LaunchScreen.storyboard */ = {
			isa = PBXVariantGroup;
			children = (
				F849ACE92858EF4D00961633 /* Base */,
			);
			name = LaunchScreen.storyboard;
			sourceTree = "<group>";
		};
/* End PBXVariantGroup section */

/* Begin XCBuildConfiguration section */
		F849ACEC2858EF4D00961633 /* Debug */ = {
			isa = XCBuildConfiguration;
			buildSettings = {
				ALWAYS_SEARCH_USER_PATHS = NO;
				CLANG_ANALYZER_NONNULL = YES;
				CLANG_ANALYZER_NUMBER_OBJECT_CONVERSION = YES_AGGRESSIVE;
				CLANG_CXX_LANGUAGE_STANDARD = "gnu++17";
				CLANG_ENABLE_MODULES = YES;
				CLANG_ENABLE_OBJC_ARC = YES;
				CLANG_ENABLE_OBJC_WEAK = YES;
				CLANG_WARN_BLOCK_CAPTURE_AUTORELEASING = YES;
				CLANG_WARN_BOOL_CONVERSION = YES;
				CLANG_WARN_COMMA = YES;
				CLANG_WARN_CONSTANT_CONVERSION = YES;
				CLANG_WARN_DEPRECATED_OBJC_IMPLEMENTATIONS = YES;
				CLANG_WARN_DIRECT_OBJC_ISA_USAGE = YES_ERROR;
				CLANG_WARN_DOCUMENTATION_COMMENTS = YES;
				CLANG_WARN_EMPTY_BODY = YES;
				CLANG_WARN_ENUM_CONVERSION = YES;
				CLANG_WARN_INFINITE_RECURSION = YES;
				CLANG_WARN_INT_CONVERSION = YES;
				CLANG_WARN_NON_LITERAL_NULL_CONVERSION = YES;
				CLANG_WARN_OBJC_IMPLICIT_RETAIN_SELF = YES;
				CLANG_WARN_OBJC_LITERAL_CONVERSION = YES;
				CLANG_WARN_OBJC_ROOT_CLASS = YES_ERROR;
				CLANG_WARN_QUOTED_INCLUDE_IN_FRAMEWORK_HEADER = YES;
				CLANG_WARN_RANGE_LOOP_ANALYSIS = YES;
				CLANG_WARN_STRICT_PROTOTYPES = YES;
				CLANG_WARN_SUSPICIOUS_MOVE = YES;
				CLANG_WARN_UNGUARDED_AVAILABILITY = YES_AGGRESSIVE;
				CLANG_WARN_UNREACHABLE_CODE = YES;
				CLANG_WARN__DUPLICATE_METHOD_MATCH = YES;
				COPY_PHASE_STRIP = NO;
				DEBUG_INFORMATION_FORMAT = dwarf;
				ENABLE_STRICT_OBJC_MSGSEND = YES;
				ENABLE_TESTABILITY = YES;
				GCC_C_LANGUAGE_STANDARD = gnu11;
				GCC_DYNAMIC_NO_PIC = NO;
				GCC_NO_COMMON_BLOCKS = YES;
				GCC_OPTIMIZATION_LEVEL = 0;
				GCC_PREPROCESSOR_DEFINITIONS = (
					"DEBUG=1",
					"$(inherited)",
				);
				GCC_WARN_64_TO_32_BIT_CONVERSION = YES;
				GCC_WARN_ABOUT_RETURN_TYPE = YES_ERROR;
				GCC_WARN_UNDECLARED_SELECTOR = YES;
				GCC_WARN_UNINITIALIZED_AUTOS = YES_AGGRESSIVE;
				GCC_WARN_UNUSED_FUNCTION = YES;
				GCC_WARN_UNUSED_VARIABLE = YES;
				IPHONEOS_DEPLOYMENT_TARGET = 15.4;
				MTL_ENABLE_DEBUG_INFO = INCLUDE_SOURCE;
				MTL_FAST_MATH = YES;
				ONLY_ACTIVE_ARCH = YES;
				SDKROOT = iphoneos;
				SWIFT_ACTIVE_COMPILATION_CONDITIONS = DEBUG;
				SWIFT_OPTIMIZATION_LEVEL = "-Onone";
			};
			name = Debug;
		};
		F849ACED2858EF4D00961633 /* Release */ = {
			isa = XCBuildConfiguration;
			buildSettings = {
				ALWAYS_SEARCH_USER_PATHS = NO;
				CLANG_ANALYZER_NONNULL = YES;
				CLANG_ANALYZER_NUMBER_OBJECT_CONVERSION = YES_AGGRESSIVE;
				CLANG_CXX_LANGUAGE_STANDARD = "gnu++17";
				CLANG_ENABLE_MODULES = YES;
				CLANG_ENABLE_OBJC_ARC = YES;
				CLANG_ENABLE_OBJC_WEAK = YES;
				CLANG_WARN_BLOCK_CAPTURE_AUTORELEASING = YES;
				CLANG_WARN_BOOL_CONVERSION = YES;
				CLANG_WARN_COMMA = YES;
				CLANG_WARN_CONSTANT_CONVERSION = YES;
				CLANG_WARN_DEPRECATED_OBJC_IMPLEMENTATIONS = YES;
				CLANG_WARN_DIRECT_OBJC_ISA_USAGE = YES_ERROR;
				CLANG_WARN_DOCUMENTATION_COMMENTS = YES;
				CLANG_WARN_EMPTY_BODY = YES;
				CLANG_WARN_ENUM_CONVERSION = YES;
				CLANG_WARN_INFINITE_RECURSION = YES;
				CLANG_WARN_INT_CONVERSION = YES;
				CLANG_WARN_NON_LITERAL_NULL_CONVERSION = YES;
				CLANG_WARN_OBJC_IMPLICIT_RETAIN_SELF = YES;
				CLANG_WARN_OBJC_LITERAL_CONVERSION = YES;
				CLANG_WARN_OBJC_ROOT_CLASS = YES_ERROR;
				CLANG_WARN_QUOTED_INCLUDE_IN_FRAMEWORK_HEADER = YES;
				CLANG_WARN_RANGE_LOOP_ANALYSIS = YES;
				CLANG_WARN_STRICT_PROTOTYPES = YES;
				CLANG_WARN_SUSPICIOUS_MOVE = YES;
				CLANG_WARN_UNGUARDED_AVAILABILITY = YES_AGGRESSIVE;
				CLANG_WARN_UNREACHABLE_CODE = YES;
				CLANG_WARN__DUPLICATE_METHOD_MATCH = YES;
				COPY_PHASE_STRIP = NO;
				DEBUG_INFORMATION_FORMAT = "dwarf-with-dsym";
				ENABLE_NS_ASSERTIONS = NO;
				ENABLE_STRICT_OBJC_MSGSEND = YES;
				GCC_C_LANGUAGE_STANDARD = gnu11;
				GCC_NO_COMMON_BLOCKS = YES;
				GCC_WARN_64_TO_32_BIT_CONVERSION = YES;
				GCC_WARN_ABOUT_RETURN_TYPE = YES_ERROR;
				GCC_WARN_UNDECLARED_SELECTOR = YES;
				GCC_WARN_UNINITIALIZED_AUTOS = YES_AGGRESSIVE;
				GCC_WARN_UNUSED_FUNCTION = YES;
				GCC_WARN_UNUSED_VARIABLE = YES;
				IPHONEOS_DEPLOYMENT_TARGET = 15.4;
				MTL_ENABLE_DEBUG_INFO = NO;
				MTL_FAST_MATH = YES;
				SDKROOT = iphoneos;
				SWIFT_COMPILATION_MODE = wholemodule;
				SWIFT_OPTIMIZATION_LEVEL = "-O";
				VALIDATE_PRODUCT = YES;
			};
			name = Release;
		};
		F849ACEF2858EF4D00961633 /* Debug */ = {
			isa = XCBuildConfiguration;
			buildSettings = {
				ASSETCATALOG_COMPILER_APPICON_NAME = AppIcon;
				ASSETCATALOG_COMPILER_GLOBAL_ACCENT_COLOR_NAME = AccentColor;
				CODE_SIGN_STYLE = Automatic;
				CURRENT_PROJECT_VERSION = 1;
				DEVELOPMENT_TEAM = F6WH3S8GMZ;
				GENERATE_INFOPLIST_FILE = YES;
				INFOPLIST_FILE = TrendingMovies/Info.plist;
				INFOPLIST_KEY_UIApplicationSupportsIndirectInputEvents = YES;
				INFOPLIST_KEY_UILaunchStoryboardName = LaunchScreen;
				INFOPLIST_KEY_UISupportedInterfaceOrientations_iPad = "UIInterfaceOrientationPortrait UIInterfaceOrientationPortraitUpsideDown UIInterfaceOrientationLandscapeLeft UIInterfaceOrientationLandscapeRight";
				INFOPLIST_KEY_UISupportedInterfaceOrientations_iPhone = "UIInterfaceOrientationPortrait UIInterfaceOrientationLandscapeLeft UIInterfaceOrientationLandscapeRight";
				LD_RUNPATH_SEARCH_PATHS = (
					"$(inherited)",
					"@executable_path/Frameworks",
				);
				MARKETING_VERSION = 1.0;
				PRODUCT_BUNDLE_IDENTIFIER = co.MarinaRiad.TrendingMovies;
				PRODUCT_NAME = "$(TARGET_NAME)";
				SWIFT_EMIT_LOC_STRINGS = YES;
				SWIFT_VERSION = 5.0;
				TARGETED_DEVICE_FAMILY = "1,2";
			};
			name = Debug;
		};
		F849ACF02858EF4D00961633 /* Release */ = {
			isa = XCBuildConfiguration;
			buildSettings = {
				ASSETCATALOG_COMPILER_APPICON_NAME = AppIcon;
				ASSETCATALOG_COMPILER_GLOBAL_ACCENT_COLOR_NAME = AccentColor;
				CODE_SIGN_STYLE = Automatic;
				CURRENT_PROJECT_VERSION = 1;
				DEVELOPMENT_TEAM = F6WH3S8GMZ;
				GENERATE_INFOPLIST_FILE = YES;
				INFOPLIST_FILE = TrendingMovies/Info.plist;
				INFOPLIST_KEY_UIApplicationSupportsIndirectInputEvents = YES;
				INFOPLIST_KEY_UILaunchStoryboardName = LaunchScreen;
				INFOPLIST_KEY_UISupportedInterfaceOrientations_iPad = "UIInterfaceOrientationPortrait UIInterfaceOrientationPortraitUpsideDown UIInterfaceOrientationLandscapeLeft UIInterfaceOrientationLandscapeRight";
				INFOPLIST_KEY_UISupportedInterfaceOrientations_iPhone = "UIInterfaceOrientationPortrait UIInterfaceOrientationLandscapeLeft UIInterfaceOrientationLandscapeRight";
				LD_RUNPATH_SEARCH_PATHS = (
					"$(inherited)",
					"@executable_path/Frameworks",
				);
				MARKETING_VERSION = 1.0;
				PRODUCT_BUNDLE_IDENTIFIER = co.MarinaRiad.TrendingMovies;
				PRODUCT_NAME = "$(TARGET_NAME)";
				SWIFT_EMIT_LOC_STRINGS = YES;
				SWIFT_VERSION = 5.0;
				TARGETED_DEVICE_FAMILY = "1,2";
			};
			name = Release;
		};
		F849AD032859014200961633 /* Debug */ = {
			isa = XCBuildConfiguration;
			buildSettings = {
				BUNDLE_LOADER = "$(TEST_HOST)";
				CODE_SIGN_STYLE = Automatic;
				CURRENT_PROJECT_VERSION = 1;
				DEVELOPMENT_TEAM = F6WH3S8GMZ;
				GENERATE_INFOPLIST_FILE = YES;
				MARKETING_VERSION = 1.0;
				PRODUCT_BUNDLE_IDENTIFIER = co.MarinaRiad.TrendingMoviesTests;
				PRODUCT_NAME = "$(TARGET_NAME)";
				SWIFT_EMIT_LOC_STRINGS = NO;
				SWIFT_VERSION = 5.0;
				TARGETED_DEVICE_FAMILY = "1,2";
				TEST_HOST = "$(BUILT_PRODUCTS_DIR)/TrendingMovies.app/TrendingMovies";
			};
			name = Debug;
		};
		F849AD042859014200961633 /* Release */ = {
			isa = XCBuildConfiguration;
			buildSettings = {
				BUNDLE_LOADER = "$(TEST_HOST)";
				CODE_SIGN_STYLE = Automatic;
				CURRENT_PROJECT_VERSION = 1;
				DEVELOPMENT_TEAM = F6WH3S8GMZ;
				GENERATE_INFOPLIST_FILE = YES;
				MARKETING_VERSION = 1.0;
				PRODUCT_BUNDLE_IDENTIFIER = co.MarinaRiad.TrendingMoviesTests;
				PRODUCT_NAME = "$(TARGET_NAME)";
				SWIFT_EMIT_LOC_STRINGS = NO;
				SWIFT_VERSION = 5.0;
				TARGETED_DEVICE_FAMILY = "1,2";
				TEST_HOST = "$(BUILT_PRODUCTS_DIR)/TrendingMovies.app/TrendingMovies";
			};
			name = Release;
		};
/* End XCBuildConfiguration section */

/* Begin XCConfigurationList section */
		F849ACD52858EF4D00961633 /* Build configuration list for PBXProject "TrendingMovies" */ = {
			isa = XCConfigurationList;
			buildConfigurations = (
				F849ACEC2858EF4D00961633 /* Debug */,
				F849ACED2858EF4D00961633 /* Release */,
			);
			defaultConfigurationIsVisible = 0;
			defaultConfigurationName = Release;
		};
		F849ACEE2858EF4D00961633 /* Build configuration list for PBXNativeTarget "TrendingMovies" */ = {
			isa = XCConfigurationList;
			buildConfigurations = (
				F849ACEF2858EF4D00961633 /* Debug */,
				F849ACF02858EF4D00961633 /* Release */,
			);
			defaultConfigurationIsVisible = 0;
			defaultConfigurationName = Release;
		};
		F849AD022859014200961633 /* Build configuration list for PBXNativeTarget "TrendingMoviesTests" */ = {
			isa = XCConfigurationList;
			buildConfigurations = (
				F849AD032859014200961633 /* Debug */,
				F849AD042859014200961633 /* Release */,
			);
			defaultConfigurationIsVisible = 0;
			defaultConfigurationName = Release;
		};
/* End XCConfigurationList section */
	};
	rootObject = F849ACD22858EF4D00961633 /* Project object */;
}
